{
  "name": "syntax-script-server",
  "version": "1.0.0",
  "lockfileVersion": 3,
  "requires": true,
  "packages": {
    "": {
      "name": "syntax-script-server",
      "version": "1.0.0",
      "license": "MIT",
      "dependencies": {
        "@syntaxs/compiler": "file:../../../syntaxScript/compiler/package/syntaxs-compiler-0.0.1-alpha.tgz"
      },
      "engines": {
        "node": "*"
      }
    },
    "node_modules/@syntaxs/compiler": {
      "version": "0.0.1-alpha",
      "resolved": "file:../../../syntaxScript/compiler/package/syntaxs-compiler-0.0.1-alpha.tgz",
      "integrity": "sha512-OQ21h/b5ZiAowEl0M6r1OsExSYYU+F0YIbiUeFtF1V3KL/7D/kxfUPVnjC38kDoD9KRsmU8rUxJy/YHaYf9qKw=="
    }
  }
}
