{
  "name": "syntax-script-server",
  "version": "1.0.0",
  "lockfileVersion": 3,
  "requires": true,
  "packages": {
    "": {
      "name": "syntax-script-server",
      "version": "1.0.0",
      "license": "MIT",
      "dependencies": {
        "@syntaxs/compiler": "file:../../../syntaxScript/compiler/syntaxs-compiler-0.0.2-alpha.tgz",
        "lsp-types": "^3.17.0-f3"
      },
      "engines": {
        "node": "*"
      }
    },
    "node_modules/@syntaxs/compiler": {
      "version": "0.0.2-alpha",
      "resolved": "file:../../../syntaxScript/compiler/syntaxs-compiler-0.0.2-alpha.tgz",
      "integrity": "sha512-oh1HJn5lvpyuDXpUuCnrJZsEfOu97a6Ijbtq4DCcMFgQM4FIbNLmbbZ8+aQdAiWUI/bgVdyHsymZjfkEaA2HUw==",
      "dependencies": {
        "js-levenshtein": "^1.1.6"
      }
    },
    "node_modules/js-levenshtein": {
      "version": "1.1.6",
      "resolved": "https://registry.npmjs.org/js-levenshtein/-/js-levenshtein-1.1.6.tgz",
      "integrity": "sha512-X2BB11YZtrRqY4EnQcLX5Rh373zbK4alC1FW7D7MBhL2gtcC17cTnr6DmfHZeS0s2rTHjUTMMHfG7gO8SSdw+g==",
      "engines": {
        "node": ">=0.10.0"
      }
    },
    "node_modules/lsp-types": {
      "version": "3.17.0-f3",
      "resolved": "https://registry.npmjs.org/lsp-types/-/lsp-types-3.17.0-f3.tgz",
      "integrity": "sha512-xbgDX8HnnZnnTX5sxfnICNzUQ1IcVblJw4FRl/BCEOpaumkLHMUX0Z538lgp+pUC6L4ocA0jE7nE870OmSTokQ=="
    }
  }
}
