{
  "name": "syntax-script-server",
  "version": "1.0.0",
  "lockfileVersion": 3,
  "requires": true,
  "packages": {
    "": {
      "name": "syntax-script-server",
      "version": "1.0.0",
      "license": "MIT",
      "dependencies": {
        "@syntaxs/compiler": "file:../../../syntaxScript/compiler/syntaxs-compiler-0.0.1-alpha.tgz",
        "lsp-types": "^3.17.0-f3"
      },
      "engines": {
        "node": "*"
      }
    },
    "node_modules/@syntaxs/compiler": {
      "version": "0.0.1-alpha",
      "resolved": "file:../../../syntaxScript/compiler/syntaxs-compiler-0.0.1-alpha.tgz",
      "integrity": "sha512-cn+yH7O8SaRiWBJX8tC/kl7Ig2xCMySg+XLpEoJurD0lSY6YQRNsYrp1Cil6x8hbFQpdLw5eB4N8I4jNngWRVA=="
    },
    "node_modules/lsp-types": {
      "version": "3.17.0-f3",
      "resolved": "https://registry.npmjs.org/lsp-types/-/lsp-types-3.17.0-f3.tgz",
      "integrity": "sha512-xbgDX8HnnZnnTX5sxfnICNzUQ1IcVblJw4FRl/BCEOpaumkLHMUX0Z538lgp+pUC6L4ocA0jE7nE870OmSTokQ=="
    }
  }
}
